
Microsoft Visual Studio Solution File, Format Version 12.00
# Visual Studio Version 16
VisualStudioVersion = 16.0.29613.14
MinimumVisualStudioVersion = 10.0.40219.1
Project("{9A19103F-16F7-4668-BE54-9A1E7A4F7556}") = "PatientsApp.Api", "PatientsAPI\PatientsApp.Api.csproj", "{CA3CEC56-796E-4630-A6DA-F60D4B574BEB}"
EndProject
Project("{9A19103F-16F7-4668-BE54-9A1E7A4F7556}") = "PatientsApp.Data", "Patients.Data\PatientsApp.Data.csproj", "{5F74B2BE-4D3C-4C9F-BC55-C5CDDE1006A5}"
EndProject
Project("{2150E333-8FDC-42A3-9474-1A3956D46DE8}") = "Tests", "Tests", "{D28D98C1-BE0F-4493-A649-F28C6CF4277E}"
EndProject
Project("{FAE04EC0-301F-11D3-BF4B-00C04F79EFBC}") = "PatientsApp.Data.Tests", "PatientsApp.Data.Tests\PatientsApp.Data.Tests.csproj", "{6C01C566-82AA-4354-B9CC-4A77FA00A15B}"
EndProject
Project("{FAE04EC0-301F-11D3-BF4B-00C04F79EFBC}") = "PatientsApp.Api.Tests", "PatientsApp.Api.Tests\PatientsApp.Api.Tests.csproj", "{37392DE1-CB5C-44B6-AF0C-A894E8096718}"
EndProject
Global
	GlobalSection(SolutionConfigurationPlatforms) = preSolution
		Debug|Any CPU = Debug|Any CPU
		Release|Any CPU = Release|Any CPU
	EndGlobalSection
	GlobalSection(ProjectConfigurationPlatforms) = postSolution
		{CA3CEC56-796E-4630-A6DA-F60D4B574BEB}.Debug|Any CPU.ActiveCfg = Debug|Any CPU
		{CA3CEC56-796E-4630-A6DA-F60D4B574BEB}.Debug|Any CPU.Build.0 = Debug|Any CPU
		{CA3CEC56-796E-4630-A6DA-F60D4B574BEB}.Release|Any CPU.ActiveCfg = Release|Any CPU
		{CA3CEC56-796E-4630-A6DA-F60D4B574BEB}.Release|Any CPU.Build.0 = Release|Any CPU
		{5F74B2BE-4D3C-4C9F-BC55-C5CDDE1006A5}.Debug|Any CPU.ActiveCfg = Debug|Any CPU
		{5F74B2BE-4D3C-4C9F-BC55-C5CDDE1006A5}.Debug|Any CPU.Build.0 = Debug|Any CPU
		{5F74B2BE-4D3C-4C9F-BC55-C5CDDE1006A5}.Release|Any CPU.ActiveCfg = Release|Any CPU
		{5F74B2BE-4D3C-4C9F-BC55-C5CDDE1006A5}.Release|Any CPU.Build.0 = Release|Any CPU
		{6C01C566-82AA-4354-B9CC-4A77FA00A15B}.Debug|Any CPU.ActiveCfg = Debug|Any CPU
		{6C01C566-82AA-4354-B9CC-4A77FA00A15B}.Debug|Any CPU.Build.0 = Debug|Any CPU
		{6C01C566-82AA-4354-B9CC-4A77FA00A15B}.Release|Any CPU.ActiveCfg = Release|Any CPU
		{6C01C566-82AA-4354-B9CC-4A77FA00A15B}.Release|Any CPU.Build.0 = Release|Any CPU
		{37392DE1-CB5C-44B6-AF0C-A894E8096718}.Debug|Any CPU.ActiveCfg = Debug|Any CPU
		{37392DE1-CB5C-44B6-AF0C-A894E8096718}.Debug|Any CPU.Build.0 = Debug|Any CPU
		{37392DE1-CB5C-44B6-AF0C-A894E8096718}.Release|Any CPU.ActiveCfg = Release|Any CPU
		{37392DE1-CB5C-44B6-AF0C-A894E8096718}.Release|Any CPU.Build.0 = Release|Any CPU
	EndGlobalSection
	GlobalSection(SolutionProperties) = preSolution
		HideSolutionNode = FALSE
	EndGlobalSection
	GlobalSection(NestedProjects) = preSolution
		{6C01C566-82AA-4354-B9CC-4A77FA00A15B} = {D28D98C1-BE0F-4493-A649-F28C6CF4277E}
		{37392DE1-CB5C-44B6-AF0C-A894E8096718} = {D28D98C1-BE0F-4493-A649-F28C6CF4277E}
	EndGlobalSection
	GlobalSection(ExtensibilityGlobals) = postSolution
		SolutionGuid = {4ECADDC7-69F4-46FB-97E3-D209014EAF0F}
	EndGlobalSection
EndGlobal
